
Microsoft Visual Studio Solution File, Format Version 12.00
# Visual Studio 15
VisualStudioVersion = 15.0.28307.1913
MinimumVisualStudioVersion = 10.0.40219.1
Project("{FAE04EC0-301F-11D3-BF4B-00C04F79EFBC}") = "ABC_FoodCatering", "ABC_FoodCatering\ABC_FoodCatering.csproj", "{D9CA1B30-EA43-4396-AA88-B56937E09A90}"
EndProject
Global
	GlobalSection(SolutionConfigurationPlatforms) = preSolution
		Debug|Any CPU = Debug|Any CPU
		Release|Any CPU = Release|Any CPU
	EndGlobalSection
	GlobalSection(ProjectConfigurationPlatforms) = postSolution
		{D9CA1B30-EA43-4396-AA88-B56937E09A90}.Debug|Any CPU.ActiveCfg = Debug|Any CPU
		{D9CA1B30-EA43-4396-AA88-B56937E09A90}.Debug|Any CPU.Build.0 = Debug|Any CPU
		{D9CA1B30-EA43-4396-AA88-B56937E09A90}.Release|Any CPU.ActiveCfg = Release|Any CPU
		{D9CA1B30-EA43-4396-AA88-B56937E09A90}.Release|Any CPU.Build.0 = Release|Any CPU
	EndGlobalSection
	GlobalSection(SolutionProperties) = preSolution
		HideSolutionNode = FALSE
	EndGlobalSection
	GlobalSection(ExtensibilityGlobals) = postSolution
		SolutionGuid = {B4D7A7C1-8592-4650-AA41-45546F3A341B}
	EndGlobalSection
EndGlobal
